
Microsoft Visual Studio Solution File, Format Version 12.00
# Visual Studio Version 17
VisualStudioVersion = 17.13.35806.99 d17.13
MinimumVisualStudioVersion = 10.0.40219.1
Project("{FAE04EC0-301F-11D3-BF4B-00C04F79EFBC}") = "NotApps", "NotApps\NotApps.csproj", "{45BDDFB1-10BB-4352-BED1-0A47A8CB69E5}"
EndProject
Global
	GlobalSection(SolutionConfigurationPlatforms) = preSolution
		Debug|Any CPU = Debug|Any CPU
		Release|Any CPU = Release|Any CPU
	EndGlobalSection
	GlobalSection(ProjectConfigurationPlatforms) = postSolution
		{45BDDFB1-10BB-4352-BED1-0A47A8CB69E5}.Debug|Any CPU.ActiveCfg = Debug|Any CPU
		{45BDDFB1-10BB-4352-BED1-0A47A8CB69E5}.Debug|Any CPU.Build.0 = Debug|Any CPU
		{45BDDFB1-10BB-4352-BED1-0A47A8CB69E5}.Release|Any CPU.ActiveCfg = Release|Any CPU
		{45BDDFB1-10BB-4352-BED1-0A47A8CB69E5}.Release|Any CPU.Build.0 = Release|Any CPU
	EndGlobalSection
	GlobalSection(SolutionProperties) = preSolution
		HideSolutionNode = FALSE
	EndGlobalSection
	GlobalSection(ExtensibilityGlobals) = postSolution
		SolutionGuid = {7C497913-117C-4EA5-A957-2FA7C8EEFB69}
	EndGlobalSection
EndGlobal
